
Microsoft Visual Studio Solution File, Format Version 12.00
# Visual Studio 15
VisualStudioVersion = 15.0.27004.2002
MinimumVisualStudioVersion = 10.0.40219.1
Project("{9A19103F-16F7-4668-BE54-9A1E7A4F7556}") = "NumberHelper", "NumberHelper\NumberHelper.csproj", "{4919E833-3AD2-4733-B5B2-156508F1BF62}"
EndProject
Project("{FAE04EC0-301F-11D3-BF4B-00C04F79EFBC}") = "Seeker", "Seeker\Seeker.csproj", "{A5883E24-3EDF-4460-96BD-0A84FF6593EC}"
EndProject
Project("{FAE04EC0-301F-11D3-BF4B-00C04F79EFBC}") = "FilterDigitLib", "FilterDigitLib\FilterDigitLib.csproj", "{3FD956DA-96D0-40A9-ADA3-2AEA183171B3}"
EndProject
Project("{FAE04EC0-301F-11D3-BF4B-00C04F79EFBC}") = "NewtonMethod", "NewtonMethod\NewtonMethod.csproj", "{D2BCFE70-5563-4B67-BC6F-02A06269C463}"
EndProject
Project("{FAE04EC0-301F-11D3-BF4B-00C04F79EFBC}") = "ConsoleApp5", "ConsoleApp5\ConsoleApp5.csproj", "{8E318302-E3C8-40C0-BDC0-0EEE4D80DBDF}"
EndProject
Global
	GlobalSection(SolutionConfigurationPlatforms) = preSolution
		Debug|Any CPU = Debug|Any CPU
		Release|Any CPU = Release|Any CPU
	EndGlobalSection
	GlobalSection(ProjectConfigurationPlatforms) = postSolution
		{4919E833-3AD2-4733-B5B2-156508F1BF62}.Debug|Any CPU.ActiveCfg = Debug|Any CPU
		{4919E833-3AD2-4733-B5B2-156508F1BF62}.Debug|Any CPU.Build.0 = Debug|Any CPU
		{4919E833-3AD2-4733-B5B2-156508F1BF62}.Release|Any CPU.ActiveCfg = Release|Any CPU
		{4919E833-3AD2-4733-B5B2-156508F1BF62}.Release|Any CPU.Build.0 = Release|Any CPU
		{A5883E24-3EDF-4460-96BD-0A84FF6593EC}.Debug|Any CPU.ActiveCfg = Debug|Any CPU
		{A5883E24-3EDF-4460-96BD-0A84FF6593EC}.Debug|Any CPU.Build.0 = Debug|Any CPU
		{A5883E24-3EDF-4460-96BD-0A84FF6593EC}.Release|Any CPU.ActiveCfg = Release|Any CPU
		{A5883E24-3EDF-4460-96BD-0A84FF6593EC}.Release|Any CPU.Build.0 = Release|Any CPU
		{3FD956DA-96D0-40A9-ADA3-2AEA183171B3}.Debug|Any CPU.ActiveCfg = Debug|Any CPU
		{3FD956DA-96D0-40A9-ADA3-2AEA183171B3}.Debug|Any CPU.Build.0 = Debug|Any CPU
		{3FD956DA-96D0-40A9-ADA3-2AEA183171B3}.Release|Any CPU.ActiveCfg = Release|Any CPU
		{3FD956DA-96D0-40A9-ADA3-2AEA183171B3}.Release|Any CPU.Build.0 = Release|Any CPU
		{D2BCFE70-5563-4B67-BC6F-02A06269C463}.Debug|Any CPU.ActiveCfg = Debug|Any CPU
		{D2BCFE70-5563-4B67-BC6F-02A06269C463}.Debug|Any CPU.Build.0 = Debug|Any CPU
		{D2BCFE70-5563-4B67-BC6F-02A06269C463}.Release|Any CPU.ActiveCfg = Release|Any CPU
		{D2BCFE70-5563-4B67-BC6F-02A06269C463}.Release|Any CPU.Build.0 = Release|Any CPU
		{8E318302-E3C8-40C0-BDC0-0EEE4D80DBDF}.Debug|Any CPU.ActiveCfg = Debug|Any CPU
		{8E318302-E3C8-40C0-BDC0-0EEE4D80DBDF}.Debug|Any CPU.Build.0 = Debug|Any CPU
		{8E318302-E3C8-40C0-BDC0-0EEE4D80DBDF}.Release|Any CPU.ActiveCfg = Release|Any CPU
		{8E318302-E3C8-40C0-BDC0-0EEE4D80DBDF}.Release|Any CPU.Build.0 = Release|Any CPU
	EndGlobalSection
	GlobalSection(SolutionProperties) = preSolution
		HideSolutionNode = FALSE
	EndGlobalSection
	GlobalSection(ExtensibilityGlobals) = postSolution
		SolutionGuid = {46A37B61-5245-41C6-8826-BFE8C11195B9}
	EndGlobalSection
EndGlobal
